
Microsoft Visual Studio Solution File, Format Version 12.00
# Visual Studio Version 16
VisualStudioVersion = 16.0.30011.22
MinimumVisualStudioVersion = 10.0.40219.1
Project("{F184B08F-C81C-45F6-A57F-5ABD9991F28F}") = "CapaPresentacion", "CapaPresentacion\CapaPresentacion.vbproj", "{60FD53DD-8401-4423-9BC5-0BECC782CFFB}"
EndProject
Project("{F184B08F-C81C-45F6-A57F-5ABD9991F28F}") = "CapaDatos", "CapaDatos\CapaDatos.vbproj", "{C010EB29-47EB-4769-9D8C-319ABEB49224}"
EndProject
Project("{F184B08F-C81C-45F6-A57F-5ABD9991F28F}") = "CapaEntidades", "CapaEntidades\CapaEntidades.vbproj", "{FE179E10-97DF-405E-A458-16D675751E64}"
EndProject
Project("{F184B08F-C81C-45F6-A57F-5ABD9991F28F}") = "CapaNegocio", "CapaNegocio\CapaNegocio.vbproj", "{722AB3B9-98D3-4F4A-B824-F5156391A5CB}"
EndProject
Global
	GlobalSection(SolutionConfigurationPlatforms) = preSolution
		Debug|Any CPU = Debug|Any CPU
		Release|Any CPU = Release|Any CPU
	EndGlobalSection
	GlobalSection(ProjectConfigurationPlatforms) = postSolution
		{60FD53DD-8401-4423-9BC5-0BECC782CFFB}.Debug|Any CPU.ActiveCfg = Debug|Any CPU
		{60FD53DD-8401-4423-9BC5-0BECC782CFFB}.Debug|Any CPU.Build.0 = Debug|Any CPU
		{60FD53DD-8401-4423-9BC5-0BECC782CFFB}.Release|Any CPU.ActiveCfg = Release|Any CPU
		{60FD53DD-8401-4423-9BC5-0BECC782CFFB}.Release|Any CPU.Build.0 = Release|Any CPU
		{C010EB29-47EB-4769-9D8C-319ABEB49224}.Debug|Any CPU.ActiveCfg = Debug|Any CPU
		{C010EB29-47EB-4769-9D8C-319ABEB49224}.Debug|Any CPU.Build.0 = Debug|Any CPU
		{C010EB29-47EB-4769-9D8C-319ABEB49224}.Release|Any CPU.ActiveCfg = Release|Any CPU
		{C010EB29-47EB-4769-9D8C-319ABEB49224}.Release|Any CPU.Build.0 = Release|Any CPU
		{FE179E10-97DF-405E-A458-16D675751E64}.Debug|Any CPU.ActiveCfg = Debug|Any CPU
		{FE179E10-97DF-405E-A458-16D675751E64}.Debug|Any CPU.Build.0 = Debug|Any CPU
		{FE179E10-97DF-405E-A458-16D675751E64}.Release|Any CPU.ActiveCfg = Release|Any CPU
		{FE179E10-97DF-405E-A458-16D675751E64}.Release|Any CPU.Build.0 = Release|Any CPU
		{722AB3B9-98D3-4F4A-B824-F5156391A5CB}.Debug|Any CPU.ActiveCfg = Debug|Any CPU
		{722AB3B9-98D3-4F4A-B824-F5156391A5CB}.Debug|Any CPU.Build.0 = Debug|Any CPU
		{722AB3B9-98D3-4F4A-B824-F5156391A5CB}.Release|Any CPU.ActiveCfg = Release|Any CPU
		{722AB3B9-98D3-4F4A-B824-F5156391A5CB}.Release|Any CPU.Build.0 = Release|Any CPU
	EndGlobalSection
	GlobalSection(SolutionProperties) = preSolution
		HideSolutionNode = FALSE
	EndGlobalSection
	GlobalSection(ExtensibilityGlobals) = postSolution
		SolutionGuid = {9D466A76-29C5-4644-9935-FCF5AA323595}
	EndGlobalSection
EndGlobal
